
Microsoft Visual Studio Solution File, Format Version 12.00
# Visual Studio Version 17
VisualStudioVersion = 17.13.35818.85 d17.13
MinimumVisualStudioVersion = 10.0.40219.1
Project("{FAE04EC0-301F-11D3-BF4B-00C04F79EFBC}") = "modul8_103022300121", "modul8_103022300121.csproj", "{74D16C59-36F1-47E0-A54A-D571C4669839}"
EndProject
Global
	GlobalSection(SolutionConfigurationPlatforms) = preSolution
		Debug|Any CPU = Debug|Any CPU
		Release|Any CPU = Release|Any CPU
	EndGlobalSection
	GlobalSection(ProjectConfigurationPlatforms) = postSolution
		{74D16C59-36F1-47E0-A54A-D571C4669839}.Debug|Any CPU.ActiveCfg = Debug|Any CPU
		{74D16C59-36F1-47E0-A54A-D571C4669839}.Debug|Any CPU.Build.0 = Debug|Any CPU
		{74D16C59-36F1-47E0-A54A-D571C4669839}.Release|Any CPU.ActiveCfg = Release|Any CPU
		{74D16C59-36F1-47E0-A54A-D571C4669839}.Release|Any CPU.Build.0 = Release|Any CPU
	EndGlobalSection
	GlobalSection(SolutionProperties) = preSolution
		HideSolutionNode = FALSE
	EndGlobalSection
	GlobalSection(ExtensibilityGlobals) = postSolution
		SolutionGuid = {28412E87-5D60-4FE9-8A56-5B5640D4E466}
	EndGlobalSection
EndGlobal
